
Microsoft Visual Studio Solution File, Format Version 12.00
Project("{FAE04EC0-301F-11D3-BF4B-00C04F79EFBC}") = "HackerNews.Api", "HackerNews.Api\HackerNews.Api.csproj", "{1B8DDA9E-55CA-4D6E-983C-F39ED14667E7}"
EndProject
Project("{FAE04EC0-301F-11D3-BF4B-00C04F79EFBC}") = "HackerNews.UnitTests", "HackerNews.UnitTests\HackerNews.UnitTests.csproj", "{837DC10A-C87F-42A8-9E9D-744109BA411E}"
EndProject
Project("{FAE04EC0-301F-11D3-BF4B-00C04F79EFBC}") = "HackerNews.Domain", "HackerNews.Domain\HackerNews.Domain.csproj", "{C6293127-B0EA-4C1D-BF6A-E2E97ED0433B}"
EndProject
Project("{FAE04EC0-301F-11D3-BF4B-00C04F79EFBC}") = "HackerNews.Services", "HackerNews.Services\HackerNews.Services.csproj", "{F28F3C13-807A-4C26-BCC3-F856B741BFED}"
EndProject
Global
	GlobalSection(SolutionConfigurationPlatforms) = preSolution
		Debug|Any CPU = Debug|Any CPU
		Release|Any CPU = Release|Any CPU
	EndGlobalSection
	GlobalSection(ProjectConfigurationPlatforms) = postSolution
		{1B8DDA9E-55CA-4D6E-983C-F39ED14667E7}.Debug|Any CPU.ActiveCfg = Debug|Any CPU
		{1B8DDA9E-55CA-4D6E-983C-F39ED14667E7}.Debug|Any CPU.Build.0 = Debug|Any CPU
		{1B8DDA9E-55CA-4D6E-983C-F39ED14667E7}.Release|Any CPU.ActiveCfg = Release|Any CPU
		{1B8DDA9E-55CA-4D6E-983C-F39ED14667E7}.Release|Any CPU.Build.0 = Release|Any CPU
		{837DC10A-C87F-42A8-9E9D-744109BA411E}.Debug|Any CPU.ActiveCfg = Debug|Any CPU
		{837DC10A-C87F-42A8-9E9D-744109BA411E}.Debug|Any CPU.Build.0 = Debug|Any CPU
		{837DC10A-C87F-42A8-9E9D-744109BA411E}.Release|Any CPU.ActiveCfg = Release|Any CPU
		{837DC10A-C87F-42A8-9E9D-744109BA411E}.Release|Any CPU.Build.0 = Release|Any CPU
		{C6293127-B0EA-4C1D-BF6A-E2E97ED0433B}.Debug|Any CPU.ActiveCfg = Debug|Any CPU
		{C6293127-B0EA-4C1D-BF6A-E2E97ED0433B}.Debug|Any CPU.Build.0 = Debug|Any CPU
		{C6293127-B0EA-4C1D-BF6A-E2E97ED0433B}.Release|Any CPU.ActiveCfg = Release|Any CPU
		{C6293127-B0EA-4C1D-BF6A-E2E97ED0433B}.Release|Any CPU.Build.0 = Release|Any CPU
		{F28F3C13-807A-4C26-BCC3-F856B741BFED}.Debug|Any CPU.ActiveCfg = Debug|Any CPU
		{F28F3C13-807A-4C26-BCC3-F856B741BFED}.Debug|Any CPU.Build.0 = Debug|Any CPU
		{F28F3C13-807A-4C26-BCC3-F856B741BFED}.Release|Any CPU.ActiveCfg = Release|Any CPU
		{F28F3C13-807A-4C26-BCC3-F856B741BFED}.Release|Any CPU.Build.0 = Release|Any CPU
	EndGlobalSection
EndGlobal
